
Microsoft Visual Studio Solution File, Format Version 12.00
# Visual Studio Version 17
VisualStudioVersion = 17.6.33717.318
MinimumVisualStudioVersion = 10.0.40219.1
Project("{9A19103F-16F7-4668-BE54-9A1E7A4F7556}") = "FileProcessor2022", "FileProcessor2022\FileProcessor2022.csproj", "{2D699D63-CB7A-41E1-BA99-C83F41F47EE0}"
EndProject
Project("{9A19103F-16F7-4668-BE54-9A1E7A4F7556}") = "ArrayPrimes2022", "ArrayPrimes2022\ArrayPrimes2022.csproj", "{EFE57EE7-58A5-4873-8B15-6429B0B87051}"
EndProject
Project("{9A19103F-16F7-4668-BE54-9A1E7A4F7556}") = "TestPrime", "TestPrime\TestPrime.csproj", "{0F786697-EE70-4D5B-81D4-C66263DC6430}"
EndProject
Global
	GlobalSection(SolutionConfigurationPlatforms) = preSolution
		Debug|Any CPU = Debug|Any CPU
		Release|Any CPU = Release|Any CPU
	EndGlobalSection
	GlobalSection(ProjectConfigurationPlatforms) = postSolution
		{2D699D63-CB7A-41E1-BA99-C83F41F47EE0}.Debug|Any CPU.ActiveCfg = Debug|Any CPU
		{2D699D63-CB7A-41E1-BA99-C83F41F47EE0}.Debug|Any CPU.Build.0 = Debug|Any CPU
		{2D699D63-CB7A-41E1-BA99-C83F41F47EE0}.Release|Any CPU.ActiveCfg = Release|Any CPU
		{2D699D63-CB7A-41E1-BA99-C83F41F47EE0}.Release|Any CPU.Build.0 = Release|Any CPU
		{EFE57EE7-58A5-4873-8B15-6429B0B87051}.Debug|Any CPU.ActiveCfg = Debug|Any CPU
		{EFE57EE7-58A5-4873-8B15-6429B0B87051}.Debug|Any CPU.Build.0 = Debug|Any CPU
		{EFE57EE7-58A5-4873-8B15-6429B0B87051}.Release|Any CPU.ActiveCfg = Release|Any CPU
		{EFE57EE7-58A5-4873-8B15-6429B0B87051}.Release|Any CPU.Build.0 = Release|Any CPU
		{0F786697-EE70-4D5B-81D4-C66263DC6430}.Debug|Any CPU.ActiveCfg = Debug|Any CPU
		{0F786697-EE70-4D5B-81D4-C66263DC6430}.Debug|Any CPU.Build.0 = Debug|Any CPU
		{0F786697-EE70-4D5B-81D4-C66263DC6430}.Release|Any CPU.ActiveCfg = Release|Any CPU
		{0F786697-EE70-4D5B-81D4-C66263DC6430}.Release|Any CPU.Build.0 = Release|Any CPU
	EndGlobalSection
	GlobalSection(SolutionProperties) = preSolution
		HideSolutionNode = FALSE
	EndGlobalSection
	GlobalSection(ExtensibilityGlobals) = postSolution
		SolutionGuid = {6AC9BCD8-096C-4B43-99A3-3F0BC77BB394}
	EndGlobalSection
EndGlobal
